
Microsoft Visual Studio Solution File, Format Version 12.00
# Visual Studio 15
Project("{FAE04EC0-301F-11D3-BF4B-00C04F79EFBC}") = "VRM", "VRM.csproj", "{2B601090-F0DE-9FB1-C33B-336A27895DF6}"
EndProject
Project("{FAE04EC0-301F-11D3-BF4B-00C04F79EFBC}") = "UniJSON", "UniJSON.csproj", "{3381600F-09F7-FA8F-983A-DA89D491F6AF}"
EndProject
Project("{FAE04EC0-301F-11D3-BF4B-00C04F79EFBC}") = "DepthFirstScheduler", "DepthFirstScheduler.csproj", "{E4B22506-99D4-6318-B48E-AC034EC76DF1}"
EndProject
Project("{FAE04EC0-301F-11D3-BF4B-00C04F79EFBC}") = "MToon", "MToon.csproj", "{1E6A640E-E583-3460-DA42-033F92F65954}"
EndProject
Project("{FAE04EC0-301F-11D3-BF4B-00C04F79EFBC}") = "MeshUtility", "MeshUtility.csproj", "{90D2C2DF-88AD-3CEE-D2C0-4CF7AE49779C}"
EndProject
Project("{FAE04EC0-301F-11D3-BF4B-00C04F79EFBC}") = "UniHumanoid", "UniHumanoid.csproj", "{71F9B8B7-104C-66B3-346F-029B3A7C60C6}"
EndProject
Project("{FAE04EC0-301F-11D3-BF4B-00C04F79EFBC}") = "Assembly-CSharp", "Assembly-CSharp.csproj", "{6E5D7A39-37C2-F0B6-53D5-2C83FD551B63}"
EndProject
Project("{FAE04EC0-301F-11D3-BF4B-00C04F79EFBC}") = "ShaderProperty.Runtime", "ShaderProperty.Runtime.csproj", "{3E020013-7E56-9673-C655-ADF31C838776}"
EndProject
Project("{FAE04EC0-301F-11D3-BF4B-00C04F79EFBC}") = "UniUnlit", "UniUnlit.csproj", "{E3DF3EFD-7BF9-AF7D-C320-72233806C84C}"
EndProject
Project("{FAE04EC0-301F-11D3-BF4B-00C04F79EFBC}") = "UniJSON.Editor.Tests", "UniJSON.Editor.Tests.csproj", "{48719F77-7E79-C53F-9880-7FE5E92DA6A5}"
EndProject
Project("{FAE04EC0-301F-11D3-BF4B-00C04F79EFBC}") = "UniVRM.Editor", "UniVRM.Editor.csproj", "{10A6B55C-25D9-B475-B1B5-C1242CA26655}"
EndProject
Project("{FAE04EC0-301F-11D3-BF4B-00C04F79EFBC}") = "MeshUtility.Editor", "MeshUtility.Editor.csproj", "{91B5DAA9-80DD-CAE7-888B-5CBBDC6AC584}"
EndProject
Project("{FAE04EC0-301F-11D3-BF4B-00C04F79EFBC}") = "UniHumanoid.Editor", "UniHumanoid.Editor.csproj", "{C96A560C-0C84-CE41-1FCB-ECBE8CF4468C}"
EndProject
Project("{FAE04EC0-301F-11D3-BF4B-00C04F79EFBC}") = "UniGLTF.Editor.Tests", "UniGLTF.Editor.Tests.csproj", "{80C45493-090C-941E-281A-AEDBA2711EFF}"
EndProject
Project("{FAE04EC0-301F-11D3-BF4B-00C04F79EFBC}") = "UniGLTF.Editor", "UniGLTF.Editor.csproj", "{D1E12C96-8F45-8CD1-0C00-1FA8D53FDF40}"
EndProject
Project("{FAE04EC0-301F-11D3-BF4B-00C04F79EFBC}") = "UniVRM.Editor.Tests", "UniVRM.Editor.Tests.csproj", "{63ED419E-B369-02CD-D76C-4A5107308A56}"
EndProject
Project("{FAE04EC0-301F-11D3-BF4B-00C04F79EFBC}") = "UniUnlit.Editor", "UniUnlit.Editor.csproj", "{E1009989-2A81-541C-C49B-519522C02D2C}"
EndProject
Project("{FAE04EC0-301F-11D3-BF4B-00C04F79EFBC}") = "ShaderProperty.Editor", "ShaderProperty.Editor.csproj", "{98F4C4B5-59B0-1B34-59FD-EAFE2666D941}"
EndProject
Project("{FAE04EC0-301F-11D3-BF4B-00C04F79EFBC}") = "Assembly-CSharp-Editor", "Assembly-CSharp-Editor.csproj", "{D8EF922D-D611-2AEE-CF87-36ACF1066717}"
EndProject
Project("{FAE04EC0-301F-11D3-BF4B-00C04F79EFBC}") = "MToon.Editor", "MToon.Editor.csproj", "{4E211CC2-9684-5AC6-7AB8-D4BD19BD1B45}"
EndProject
Project("{FAE04EC0-301F-11D3-BF4B-00C04F79EFBC}") = "DepthFirstScheduler.Editor.Tests", "DepthFirstScheduler.Editor.Tests.csproj", "{6CD45DB2-5FF5-C0C8-E172-30B4FC601EF8}"
EndProject
Project("{FAE04EC0-301F-11D3-BF4B-00C04F79EFBC}") = "UniHumanoid.Editor.Tests", "UniHumanoid.Editor.Tests.csproj", "{71C24FC7-915C-4A31-64EC-4A6B7317D8AB}"
EndProject
Global
	GlobalSection(SolutionConfigurationPlatforms) = preSolution
		Debug|Any CPU = Debug|Any CPU
		Release|Any CPU = Release|Any CPU
	EndGlobalSection
	GlobalSection(ProjectConfigurationPlatforms) = postSolution
		{2B601090-F0DE-9FB1-C33B-336A27895DF6}.Debug|Any CPU.ActiveCfg = Debug|Any CPU
		{2B601090-F0DE-9FB1-C33B-336A27895DF6}.Debug|Any CPU.Build.0 = Debug|Any CPU
		{2B601090-F0DE-9FB1-C33B-336A27895DF6}.Release|Any CPU.ActiveCfg = Release|Any CPU
		{2B601090-F0DE-9FB1-C33B-336A27895DF6}.Release|Any CPU.Build.0 = Release|Any CPU
		{3381600F-09F7-FA8F-983A-DA89D491F6AF}.Debug|Any CPU.ActiveCfg = Debug|Any CPU
		{3381600F-09F7-FA8F-983A-DA89D491F6AF}.Debug|Any CPU.Build.0 = Debug|Any CPU
		{3381600F-09F7-FA8F-983A-DA89D491F6AF}.Release|Any CPU.ActiveCfg = Release|Any CPU
		{3381600F-09F7-FA8F-983A-DA89D491F6AF}.Release|Any CPU.Build.0 = Release|Any CPU
		{E4B22506-99D4-6318-B48E-AC034EC76DF1}.Debug|Any CPU.ActiveCfg = Debug|Any CPU
		{E4B22506-99D4-6318-B48E-AC034EC76DF1}.Debug|Any CPU.Build.0 = Debug|Any CPU
		{E4B22506-99D4-6318-B48E-AC034EC76DF1}.Release|Any CPU.ActiveCfg = Release|Any CPU
		{E4B22506-99D4-6318-B48E-AC034EC76DF1}.Release|Any CPU.Build.0 = Release|Any CPU
		{1E6A640E-E583-3460-DA42-033F92F65954}.Debug|Any CPU.ActiveCfg = Debug|Any CPU
		{1E6A640E-E583-3460-DA42-033F92F65954}.Debug|Any CPU.Build.0 = Debug|Any CPU
		{1E6A640E-E583-3460-DA42-033F92F65954}.Release|Any CPU.ActiveCfg = Release|Any CPU
		{1E6A640E-E583-3460-DA42-033F92F65954}.Release|Any CPU.Build.0 = Release|Any CPU
		{90D2C2DF-88AD-3CEE-D2C0-4CF7AE49779C}.Debug|Any CPU.ActiveCfg = Debug|Any CPU
		{90D2C2DF-88AD-3CEE-D2C0-4CF7AE49779C}.Debug|Any CPU.Build.0 = Debug|Any CPU
		{90D2C2DF-88AD-3CEE-D2C0-4CF7AE49779C}.Release|Any CPU.ActiveCfg = Release|Any CPU
		{90D2C2DF-88AD-3CEE-D2C0-4CF7AE49779C}.Release|Any CPU.Build.0 = Release|Any CPU
		{71F9B8B7-104C-66B3-346F-029B3A7C60C6}.Debug|Any CPU.ActiveCfg = Debug|Any CPU
		{71F9B8B7-104C-66B3-346F-029B3A7C60C6}.Debug|Any CPU.Build.0 = Debug|Any CPU
		{71F9B8B7-104C-66B3-346F-029B3A7C60C6}.Release|Any CPU.ActiveCfg = Release|Any CPU
		{71F9B8B7-104C-66B3-346F-029B3A7C60C6}.Release|Any CPU.Build.0 = Release|Any CPU
		{6E5D7A39-37C2-F0B6-53D5-2C83FD551B63}.Debug|Any CPU.ActiveCfg = Debug|Any CPU
		{6E5D7A39-37C2-F0B6-53D5-2C83FD551B63}.Debug|Any CPU.Build.0 = Debug|Any CPU
		{6E5D7A39-37C2-F0B6-53D5-2C83FD551B63}.Release|Any CPU.ActiveCfg = Release|Any CPU
		{6E5D7A39-37C2-F0B6-53D5-2C83FD551B63}.Release|Any CPU.Build.0 = Release|Any CPU
		{3E020013-7E56-9673-C655-ADF31C838776}.Debug|Any CPU.ActiveCfg = Debug|Any CPU
		{3E020013-7E56-9673-C655-ADF31C838776}.Debug|Any CPU.Build.0 = Debug|Any CPU
		{3E020013-7E56-9673-C655-ADF31C838776}.Release|Any CPU.ActiveCfg = Release|Any CPU
		{3E020013-7E56-9673-C655-ADF31C838776}.Release|Any CPU.Build.0 = Release|Any CPU
		{E3DF3EFD-7BF9-AF7D-C320-72233806C84C}.Debug|Any CPU.ActiveCfg = Debug|Any CPU
		{E3DF3EFD-7BF9-AF7D-C320-72233806C84C}.Debug|Any CPU.Build.0 = Debug|Any CPU
		{E3DF3EFD-7BF9-AF7D-C320-72233806C84C}.Release|Any CPU.ActiveCfg = Release|Any CPU
		{E3DF3EFD-7BF9-AF7D-C320-72233806C84C}.Release|Any CPU.Build.0 = Release|Any CPU
		{48719F77-7E79-C53F-9880-7FE5E92DA6A5}.Debug|Any CPU.ActiveCfg = Debug|Any CPU
		{48719F77-7E79-C53F-9880-7FE5E92DA6A5}.Debug|Any CPU.Build.0 = Debug|Any CPU
		{48719F77-7E79-C53F-9880-7FE5E92DA6A5}.Release|Any CPU.ActiveCfg = Release|Any CPU
		{48719F77-7E79-C53F-9880-7FE5E92DA6A5}.Release|Any CPU.Build.0 = Release|Any CPU
		{10A6B55C-25D9-B475-B1B5-C1242CA26655}.Debug|Any CPU.ActiveCfg = Debug|Any CPU
		{10A6B55C-25D9-B475-B1B5-C1242CA26655}.Debug|Any CPU.Build.0 = Debug|Any CPU
		{10A6B55C-25D9-B475-B1B5-C1242CA26655}.Release|Any CPU.ActiveCfg = Release|Any CPU
		{10A6B55C-25D9-B475-B1B5-C1242CA26655}.Release|Any CPU.Build.0 = Release|Any CPU
		{91B5DAA9-80DD-CAE7-888B-5CBBDC6AC584}.Debug|Any CPU.ActiveCfg = Debug|Any CPU
		{91B5DAA9-80DD-CAE7-888B-5CBBDC6AC584}.Debug|Any CPU.Build.0 = Debug|Any CPU
		{91B5DAA9-80DD-CAE7-888B-5CBBDC6AC584}.Release|Any CPU.ActiveCfg = Release|Any CPU
		{91B5DAA9-80DD-CAE7-888B-5CBBDC6AC584}.Release|Any CPU.Build.0 = Release|Any CPU
		{C96A560C-0C84-CE41-1FCB-ECBE8CF4468C}.Debug|Any CPU.ActiveCfg = Debug|Any CPU
		{C96A560C-0C84-CE41-1FCB-ECBE8CF4468C}.Debug|Any CPU.Build.0 = Debug|Any CPU
		{C96A560C-0C84-CE41-1FCB-ECBE8CF4468C}.Release|Any CPU.ActiveCfg = Release|Any CPU
		{C96A560C-0C84-CE41-1FCB-ECBE8CF4468C}.Release|Any CPU.Build.0 = Release|Any CPU
		{80C45493-090C-941E-281A-AEDBA2711EFF}.Debug|Any CPU.ActiveCfg = Debug|Any CPU
		{80C45493-090C-941E-281A-AEDBA2711EFF}.Debug|Any CPU.Build.0 = Debug|Any CPU
		{80C45493-090C-941E-281A-AEDBA2711EFF}.Release|Any CPU.ActiveCfg = Release|Any CPU
		{80C45493-090C-941E-281A-AEDBA2711EFF}.Release|Any CPU.Build.0 = Release|Any CPU
		{D1E12C96-8F45-8CD1-0C00-1FA8D53FDF40}.Debug|Any CPU.ActiveCfg = Debug|Any CPU
		{D1E12C96-8F45-8CD1-0C00-1FA8D53FDF40}.Debug|Any CPU.Build.0 = Debug|Any CPU
		{D1E12C96-8F45-8CD1-0C00-1FA8D53FDF40}.Release|Any CPU.ActiveCfg = Release|Any CPU
		{D1E12C96-8F45-8CD1-0C00-1FA8D53FDF40}.Release|Any CPU.Build.0 = Release|Any CPU
		{63ED419E-B369-02CD-D76C-4A5107308A56}.Debug|Any CPU.ActiveCfg = Debug|Any CPU
		{63ED419E-B369-02CD-D76C-4A5107308A56}.Debug|Any CPU.Build.0 = Debug|Any CPU
		{63ED419E-B369-02CD-D76C-4A5107308A56}.Release|Any CPU.ActiveCfg = Release|Any CPU
		{63ED419E-B369-02CD-D76C-4A5107308A56}.Release|Any CPU.Build.0 = Release|Any CPU
		{E1009989-2A81-541C-C49B-519522C02D2C}.Debug|Any CPU.ActiveCfg = Debug|Any CPU
		{E1009989-2A81-541C-C49B-519522C02D2C}.Debug|Any CPU.Build.0 = Debug|Any CPU
		{E1009989-2A81-541C-C49B-519522C02D2C}.Release|Any CPU.ActiveCfg = Release|Any CPU
		{E1009989-2A81-541C-C49B-519522C02D2C}.Release|Any CPU.Build.0 = Release|Any CPU
		{98F4C4B5-59B0-1B34-59FD-EAFE2666D941}.Debug|Any CPU.ActiveCfg = Debug|Any CPU
		{98F4C4B5-59B0-1B34-59FD-EAFE2666D941}.Debug|Any CPU.Build.0 = Debug|Any CPU
		{98F4C4B5-59B0-1B34-59FD-EAFE2666D941}.Release|Any CPU.ActiveCfg = Release|Any CPU
		{98F4C4B5-59B0-1B34-59FD-EAFE2666D941}.Release|Any CPU.Build.0 = Release|Any CPU
		{D8EF922D-D611-2AEE-CF87-36ACF1066717}.Debug|Any CPU.ActiveCfg = Debug|Any CPU
		{D8EF922D-D611-2AEE-CF87-36ACF1066717}.Debug|Any CPU.Build.0 = Debug|Any CPU
		{D8EF922D-D611-2AEE-CF87-36ACF1066717}.Release|Any CPU.ActiveCfg = Release|Any CPU
		{D8EF922D-D611-2AEE-CF87-36ACF1066717}.Release|Any CPU.Build.0 = Release|Any CPU
		{4E211CC2-9684-5AC6-7AB8-D4BD19BD1B45}.Debug|Any CPU.ActiveCfg = Debug|Any CPU
		{4E211CC2-9684-5AC6-7AB8-D4BD19BD1B45}.Debug|Any CPU.Build.0 = Debug|Any CPU
		{4E211CC2-9684-5AC6-7AB8-D4BD19BD1B45}.Release|Any CPU.ActiveCfg = Release|Any CPU
		{4E211CC2-9684-5AC6-7AB8-D4BD19BD1B45}.Release|Any CPU.Build.0 = Release|Any CPU
		{6CD45DB2-5FF5-C0C8-E172-30B4FC601EF8}.Debug|Any CPU.ActiveCfg = Debug|Any CPU
		{6CD45DB2-5FF5-C0C8-E172-30B4FC601EF8}.Debug|Any CPU.Build.0 = Debug|Any CPU
		{6CD45DB2-5FF5-C0C8-E172-30B4FC601EF8}.Release|Any CPU.ActiveCfg = Release|Any CPU
		{6CD45DB2-5FF5-C0C8-E172-30B4FC601EF8}.Release|Any CPU.Build.0 = Release|Any CPU
		{71C24FC7-915C-4A31-64EC-4A6B7317D8AB}.Debug|Any CPU.ActiveCfg = Debug|Any CPU
		{71C24FC7-915C-4A31-64EC-4A6B7317D8AB}.Debug|Any CPU.Build.0 = Debug|Any CPU
		{71C24FC7-915C-4A31-64EC-4A6B7317D8AB}.Release|Any CPU.ActiveCfg = Release|Any CPU
		{71C24FC7-915C-4A31-64EC-4A6B7317D8AB}.Release|Any CPU.Build.0 = Release|Any CPU
	EndGlobalSection
	GlobalSection(SolutionProperties) = preSolution
		HideSolutionNode = FALSE
	EndGlobalSection
EndGlobal
